<?xml version="1.0" encoding="utf-8"?>
<Project ToolsVersion="4.0" xmlns="http://schemas.microsoft.com/developer/msbuild/2003">
  <ItemGroup>
    <Filter Include="Source Files">
      <UniqueIdentifier>{4FC737F1-C7A5-4376-A066-2A32D752A2FF}</UniqueIdentifier>
      <Extensions>cpp;c;cc;cxx;c++;def;odl;idl;hpj;bat;asm;asmx</Extensions>
    </Filter>
    <Filter Include="Header Files">
      <UniqueIdentifier>{93995380-89BD-4b04-88EB-625FBE52EBFB}</UniqueIdentifier>
      <Extensions>h;hh;hpp;hxx;h++;hm;inl;inc;ipp;xsd</Extensions>
    </Filter>
    <Filter Include="Resource Files">
      <UniqueIdentifier>{67DA6AB6-F800-4c08-8B7A-83BB121AAD01}</UniqueIdentifier>
      <Extensions>rc;ico;cur;bmp;dlg;rc2;rct;bin;rgs;gif;jpg;jpeg;jpe;resx;tiff;tif;png;wav;mfcribbon-ms</Extensions>
    </Filter>
  </ItemGroup>
  <ItemGroup>
    <ClInclude Include="SergeyOr3.h">
      <Filter>Header Files</Filter>
    </ClInclude>
    <ClInclude Include="SergeyOr3Dlg.h">
      <Filter>Header Files</Filter>
    </ClInclude>
    <ClInclude Include="framework.h">
      <Filter>Header Files</Filter>
    </ClInclude>
    <ClInclude Include="targetver.h">
      <Filter>Header Files</Filter>
    </ClInclude>
    <ClInclude Include="Resource.h">
      <Filter>Header Files</Filter>
    </ClInclude>
    <ClInclude Include="pch.h">
      <Filter>Header Files</Filter>
    </ClInclude>
    <ClInclude Include="SO_shape.h">
      <Filter>Header Files</Filter>
    </ClInclude>
    <ClInclude Include="SO_ellipse.h">
      <Filter>Header Files</Filter>
    </ClInclude>
    <ClInclude Include="SO_rectanle.h">
      <Filter>Header Files</Filter>
    </ClInclude>
    <ClInclude Include="SO_square.h">
      <Filter>Header Files</Filter>
    </ClInclude>
    <ClInclude Include="SO_quadrilateral.h">
      <Filter>Header Files</Filter>
    </ClInclude>
    <ClInclude Include="SO_Line.h">
      <Filter>Header Files</Filter>
    </ClInclude>
    <ClInclude Include="So_pen.h">
      <Filter>Header Files</Filter>
    </ClInclude>
    <ClInclude Include="So_spray.h">
      <Filter>Header Files</Filter>
    </ClInclude>
    <ClInclude Include="SO_circle.h">
      <Filter>Header Files</Filter>
    </ClInclude>
    <ClInclude Include="SO_Parallelogram.h">
      <Filter>Header Files</Filter>
    </ClInclude>
  </ItemGroup>
  <ItemGroup>
    <ClCompile Include="SergeyOr3.cpp">
      <Filter>Source Files</Filter>
    </ClCompile>
    <ClCompile Include="SergeyOr3Dlg.cpp">
      <Filter>Source Files</Filter>
    </ClCompile>
    <ClCompile Include="pch.cpp">
      <Filter>Source Files</Filter>
    </ClCompile>
    <ClCompile Include="SO_shape.cpp">
      <Filter>Source Files</Filter>
    </ClCompile>
    <ClCompile Include="SO_ellipse.cpp">
      <Filter>Source Files</Filter>
    </ClCompile>
    <ClCompile Include="SO_rectanle.cpp">
      <Filter>Source Files</Filter>
    </ClCompile>
    <ClCompile Include="SO_square.cpp">
      <Filter>Source Files</Filter>
    </ClCompile>
    <ClCompile Include="SO_quadrilateral.cpp">
      <Filter>Source Files</Filter>
    </ClCompile>
    <ClCompile Include="SO_Line.cpp">
      <Filter>Source Files</Filter>
    </ClCompile>
    <ClCompile Include="So_pen.cpp">
      <Filter>Source Files</Filter>
    </ClCompile>
    <ClCompile Include="So_spray.cpp">
      <Filter>Source Files</Filter>
    </ClCompile>
    <ClCompile Include="SO_circle.cpp">
      <Filter>Source Files</Filter>
    </ClCompile>
    <ClCompile Include="SO_Parallelogram.cpp">
      <Filter>Source Files</Filter>
    </ClCompile>
  </ItemGroup>
  <ItemGroup>
    <ResourceCompile Include="SergeyOr3.rc">
      <Filter>Resource Files</Filter>
    </ResourceCompile>
  </ItemGroup>
  <ItemGroup>
    <None Include="res\SergeyOr3.rc2">
      <Filter>Resource Files</Filter>
    </None>
  </ItemGroup>
  <ItemGroup>
    <Image Include="res\SergeyOr3.ico">
      <Filter>Resource Files</Filter>
    </Image>
  </ItemGroup>
</Project>